// !$*UTF8*$!
{
	archiveVersion = 1;
	classes = {
	};
	objectVersion = 56;
	objects = {

/* Begin PBXBuildFile section */
		1A0000010000000000000001 /* ContentView.swift in Sources */ = {isa = PBXBuildFile; fileRef = 1A0000020000000000000001 /* ContentView.swift */; };
		1A0000010000000000000002 /* iOSApp.swift in Sources */ = {isa = PBXBuildFile; fileRef = 1A0000020000000000000002 /* iOSApp.swift */; };
		1A0000010000000000000003 /* Shared.framework in Frameworks */ = {isa = PBXBuildFile; fileRef = 1A0000020000000000000003 /* Shared.framework */; };
/* End PBXBuildFile section */

/* Begin PBXFileReference section */
		1A0000020000000000000001 /* ContentView.swift */ = {isa = PBXFileReference; lastKnownFileType = sourcecode.swift; path = ContentView.swift; sourceTree = "<group>"; };
		1A0000020000000000000002 /* iOSApp.swift */ = {isa = PBXFileReference; lastKnownFileType = sourcecode.swift; path = iOSApp.swift; sourceTree = "<group>"; };
		1A0000020000000000000003 /* Shared.framework */ = {isa = PBXFileReference; explicitFileType = wrapper.framework; name = Shared.framework; path = Shared.framework; sourceTree = BUILT_PRODUCTS_DIR; };
		1A0000020000000000000004 /* iosApp.app */ = {isa = PBXFileReference; explicitFileType = wrapper.application; includeInIndex = 0; path = iosApp.app; sourceTree = BUILT_PRODUCTS_DIR; };
		1A0000020000000000000005 /* Info.plist */ = {isa = PBXFileReference; lastKnownFileType = text.plist.xml; path = Info.plist; sourceTree = "<group>"; };
/* End PBXFileReference section */

/* Begin PBXFrameworksBuildPhase section */
		1A0000030000000000000001 /* Frameworks */ = {
			isa = PBXFrameworksBuildPhase;
			buildActionMask = 2147483647;
			files = (
				1A0000010000000000000003 /* Shared.framework in Frameworks */,
			);
			runOnlyForDeploymentPostprocessing = 0;
		};
/* End PBXFrameworksBuildPhase section */

/* Begin PBXGroup section */
		1A0000040000000000000001 = {
			isa = PBXGroup;
			children = (
				1A0000040000000000000002 /* iosApp */,
				1A0000040000000000000003 /* Products */,
			);
			sourceTree = "<group>";
		};
		1A0000040000000000000002 /* iosApp */ = {
			isa = PBXGroup;
			children = (
				1A0000020000000000000001 /* ContentView.swift */,
				1A0000020000000000000002 /* iOSApp.swift */,
				1A0000020000000000000005 /* Info.plist */,
			);
			path = iosApp;
			sourceTree = "<group>";
		};
		1A0000040000000000000003 /* Products */ = {
			isa = PBXGroup;
			children = (
				1A0000020000000000000004 /* iosApp.app */,
			);
			name = Products;
			sourceTree = "<group>";
		};
/* End PBXGroup section */

/* Begin PBXNativeTarget section */
		1A0000050000000000000001 /* iosApp */ = {
			isa = PBXNativeTarget;
			buildConfigurationList = 1A0000060000000000000002 /* Build configuration list for PBXNativeTarget "iosApp" */;
			buildPhases = (
				1A0000030000000000000004 /* ShellScript */,
				1A0000030000000000000002 /* Sources */,
				1A0000030000000000000001 /* Frameworks */,
			);
			buildRules = (
			);
			dependencies = (
			);
			name = iosApp;
			productName = iosApp;
			productReference = 1A0000020000000000000004 /* iosApp.app */;
			productType = "com.apple.product-type.application";
		};
/* End PBXNativeTarget section */

/* Begin PBXProject section */
		1A0000070000000000000001 /* Project object */ = {
			isa = PBXProject;
			attributes = {
				BuildIndependentTargetsInParallel = 1;
				LastSwiftUpdateCheck = 1540;
				LastUpgradeCheck = 1540;
				TargetAttributes = {
					1A0000050000000000000001 = {
						CreatedOnToolsVersion = 15.4;
					};
				};
			};
			buildConfigurationList = 1A0000060000000000000001 /* Build configuration list for PBXProject "iosApp" */;
			compatibilityVersion = "Xcode 14.0";
			developmentRegion = en;
			hasScannedForEncodings = 0;
			knownRegions = (
				en,
				Base,
			);
			mainGroup = 1A0000040000000000000001;
			productRefGroup = 1A0000040000000000000003 /* Products */;
			projectDirPath = "";
			projectRoot = "";
			targets = (
				1A0000050000000000000001 /* iosApp */,
			);
		};
/* End PBXProject section */

/* Begin PBXShellScriptBuildPhase section */
		1A0000030000000000000004 /* ShellScript */ = {
			isa = PBXShellScriptBuildPhase;
			buildActionMask = 2147483647;
			files = (
			);
			inputFileListPaths = (
			);
			inputPaths = (
			);
			outputFileListPaths = (
			);
			outputPaths = (
			);
			runOnlyForDeploymentPostprocessing = 0;
			shellPath = /bin/sh;
			shellScript = "cd \"$SRCROOT/..\"\nif [ \"$PLATFORM_NAME\" == \"iphonesimulator\" ]; then\n  ARCH_DIR=\"iosSimulatorArm64\"\nelse\n  ARCH_DIR=\"iosArm64\"\nfi\n./gradlew \":shared:link${CONFIGURATION}Framework${ARCH_DIR}\"\nrm -rf \"$BUILT_PRODUCTS_DIR/Shared.framework\"\ncp -R \"shared/build/bin/${ARCH_DIR}/$(echo \"$CONFIGURATION\" | tr 'A-Z' 'a-z')Framework/Shared.framework\" \"$BUILT_PRODUCTS_DIR/\"\n";
		};
/* End PBXShellScriptBuildPhase section */

/* Begin PBXSourcesBuildPhase section */
		1A0000030000000000000002 /* Sources */ = {
			isa = PBXSourcesBuildPhase;
			buildActionMask = 2147483647;
			files = (
				1A0000010000000000000001 /* ContentView.swift in Sources */,
				1A0000010000000000000002 /* iOSApp.swift in Sources */,
			);
			runOnlyForDeploymentPostprocessing = 0;
		};
/* End PBXSourcesBuildPhase section */

/* Begin XCBuildConfiguration section */
		1A0000080000000000000001 /* Debug */ = {
			isa = XCBuildConfiguration;
			buildSettings = {
				ALWAYS_SEARCH_USER_PATHS = NO;
				CLANG_ENABLE_MODULES = YES;
				ENABLE_TESTABILITY = YES;
				ONLY_ACTIVE_ARCH = YES;
				SDKROOT = iphoneos;
				SWIFT_OPTIMIZATION_LEVEL = "-Onone";
			};
			name = Debug;
		};
		1A0000080000000000000002 /* Release */ = {
			isa = XCBuildConfiguration;
			buildSettings = {
				ALWAYS_SEARCH_USER_PATHS = NO;
				CLANG_ENABLE_MODULES = YES;
				ENABLE_NS_ASSERTIONS = NO;
				SDKROOT = iphoneos;
				SWIFT_COMPILATION_MODE = wholemodule;
				VALIDATE_PRODUCT = YES;
			};
			name = Release;
		};
		1A0000080000000000000003 /* Debug */ = {
			isa = XCBuildConfiguration;
			buildSettings = {
				ASSETCATALOG_COMPILER_APPICON_NAME = AppIcon;
				CODE_SIGN_STYLE = Automatic;
				CURRENT_PROJECT_VERSION = 1;
				GENERATE_INFOPLIST_FILE = NO;
				INFOPLIST_FILE = iosApp/Info.plist;
				INFOPLIST_KEY_UILaunchScreen_Generation = YES;
				IPHONEOS_DEPLOYMENT_TARGET = 14.0;
				LD_RUNPATH_SEARCH_PATHS = (
					"$(inherited)",
					"@executable_path/Frameworks",
				);
				MARKETING_VERSION = 1.0;
				OTHER_LDFLAGS = (
					"$(inherited)",
					-ld64,
				);
				PRODUCT_BUNDLE_IDENTIFIER = me.wcy.music.ios;
				PRODUCT_NAME = "$(TARGET_NAME)";
				SWIFT_VERSION = 5.9;
				TARGETED_DEVICE_FAMILY = "1,2";
			};
			name = Debug;
		};
		1A0000080000000000000004 /* Release */ = {
			isa = XCBuildConfiguration;
			buildSettings = {
				ASSETCATALOG_COMPILER_APPICON_NAME = AppIcon;
				CODE_SIGN_STYLE = Automatic;
				CURRENT_PROJECT_VERSION = 1;
				GENERATE_INFOPLIST_FILE = NO;
				INFOPLIST_FILE = iosApp/Info.plist;
				INFOPLIST_KEY_UILaunchScreen_Generation = YES;
				IPHONEOS_DEPLOYMENT_TARGET = 14.0;
				LD_RUNPATH_SEARCH_PATHS = (
					"$(inherited)",
					"@executable_path/Frameworks",
				);
				MARKETING_VERSION = 1.0;
				OTHER_LDFLAGS = (
					"$(inherited)",
					-ld64,
				);
				PRODUCT_BUNDLE_IDENTIFIER = me.wcy.music.ios;
				PRODUCT_NAME = "$(TARGET_NAME)";
				SWIFT_VERSION = 5.9;
				TARGETED_DEVICE_FAMILY = "1,2";
			};
			name = Release;
		};
/* End XCBuildConfiguration section */

/* Begin XCConfigurationList section */
		1A0000060000000000000001 /* Build configuration list for PBXProject "iosApp" */ = {
			isa = XCConfigurationList;
			buildConfigurations = (
				1A0000080000000000000001 /* Debug */,
				1A0000080000000000000002 /* Release */,
			);
			defaultConfigurationIsVisible = 0;
			defaultConfigurationName = Release;
		};
		1A0000060000000000000002 /* Build configuration list for PBXNativeTarget "iosApp" */ = {
			isa = XCConfigurationList;
			buildConfigurations = (
				1A0000080000000000000003 /* Debug */,
				1A0000080000000000000004 /* Release */,
			);
			defaultConfigurationIsVisible = 0;
			defaultConfigurationName = Release;
		};
/* End XCConfigurationList section */
	};
	rootObject = 1A0000070000000000000001 /* Project object */;
}
